
Microsoft Visual Studio Solution File, Format Version 12.00
# Visual Studio 15
VisualStudioVersion = 15.0.28307.1062
MinimumVisualStudioVersion = 10.0.40219.1
Project("{FAE04EC0-301F-11D3-BF4B-00C04F79EFBC}") = "Task5", "Task5\Task5.csproj", "{1A6BD323-6C27-434E-8A0B-C34C045B65E3}"
EndProject
Global
	GlobalSection(SolutionConfigurationPlatforms) = preSolution
		Debug|Any CPU = Debug|Any CPU
		Release|Any CPU = Release|Any CPU
	EndGlobalSection
	GlobalSection(ProjectConfigurationPlatforms) = postSolution
		{1A6BD323-6C27-434E-8A0B-C34C045B65E3}.Debug|Any CPU.ActiveCfg = Debug|Any CPU
		{1A6BD323-6C27-434E-8A0B-C34C045B65E3}.Debug|Any CPU.Build.0 = Debug|Any CPU
		{1A6BD323-6C27-434E-8A0B-C34C045B65E3}.Release|Any CPU.ActiveCfg = Release|Any CPU
		{1A6BD323-6C27-434E-8A0B-C34C045B65E3}.Release|Any CPU.Build.0 = Release|Any CPU
	EndGlobalSection
	GlobalSection(SolutionProperties) = preSolution
		HideSolutionNode = FALSE
	EndGlobalSection
	GlobalSection(ExtensibilityGlobals) = postSolution
		SolutionGuid = {B5EFC151-DA11-4987-BF78-9482BBE9CB76}
	EndGlobalSection
EndGlobal
